
Microsoft Visual Studio Solution File, Format Version 12.00
# Visual Studio 14
VisualStudioVersion = 14.0.25420.1
MinimumVisualStudioVersion = 10.0.40219.1
Project("{FAE04EC0-301F-11D3-BF4B-00C04F79EFBC}") = "AlaskaAir-CodeTest", "AlaskaAir-CodeTest\AlaskaAir-CodeTest.csproj", "{A51CAEF5-2E20-47E8-A7EA-511B508583A3}"
EndProject
Project("{FAE04EC0-301F-11D3-BF4B-00C04F79EFBC}") = "AlaskaAir-CodeTest.Tests", "AlaskaAir-CodeTest.Tests\AlaskaAir-CodeTest.Tests.csproj", "{F9DB8736-E6C7-4314-8054-40775719DF92}"
EndProject
Global
	GlobalSection(SolutionConfigurationPlatforms) = preSolution
		Debug|Any CPU = Debug|Any CPU
		Release|Any CPU = Release|Any CPU
	EndGlobalSection
	GlobalSection(ProjectConfigurationPlatforms) = postSolution
		{A51CAEF5-2E20-47E8-A7EA-511B508583A3}.Debug|Any CPU.ActiveCfg = Debug|Any CPU
		{A51CAEF5-2E20-47E8-A7EA-511B508583A3}.Debug|Any CPU.Build.0 = Debug|Any CPU
		{A51CAEF5-2E20-47E8-A7EA-511B508583A3}.Release|Any CPU.ActiveCfg = Release|Any CPU
		{A51CAEF5-2E20-47E8-A7EA-511B508583A3}.Release|Any CPU.Build.0 = Release|Any CPU
		{F9DB8736-E6C7-4314-8054-40775719DF92}.Debug|Any CPU.ActiveCfg = Debug|Any CPU
		{F9DB8736-E6C7-4314-8054-40775719DF92}.Debug|Any CPU.Build.0 = Debug|Any CPU
		{F9DB8736-E6C7-4314-8054-40775719DF92}.Release|Any CPU.ActiveCfg = Release|Any CPU
		{F9DB8736-E6C7-4314-8054-40775719DF92}.Release|Any CPU.Build.0 = Release|Any CPU
	EndGlobalSection
	GlobalSection(SolutionProperties) = preSolution
		HideSolutionNode = FALSE
	EndGlobalSection
EndGlobal
